
Microsoft Visual Studio Solution File, Format Version 12.00
# Visual Studio Version 17
VisualStudioVersion = 17.5.002.0
MinimumVisualStudioVersion = 10.0.40219.1
Project("{9A19103F-16F7-4668-BE54-9A1E7A4F7556}") = "Projeto1", "Projeto1.csproj", "{462719DB-3F4C-485C-B933-9839CFB2D402}"
EndProject
Global
	GlobalSection(SolutionConfigurationPlatforms) = preSolution
		Debug|Any CPU = Debug|Any CPU
		Release|Any CPU = Release|Any CPU
	EndGlobalSection
	GlobalSection(ProjectConfigurationPlatforms) = postSolution
		{462719DB-3F4C-485C-B933-9839CFB2D402}.Debug|Any CPU.ActiveCfg = Debug|Any CPU
		{462719DB-3F4C-485C-B933-9839CFB2D402}.Debug|Any CPU.Build.0 = Debug|Any CPU
		{462719DB-3F4C-485C-B933-9839CFB2D402}.Release|Any CPU.ActiveCfg = Release|Any CPU
		{462719DB-3F4C-485C-B933-9839CFB2D402}.Release|Any CPU.Build.0 = Release|Any CPU
	EndGlobalSection
	GlobalSection(SolutionProperties) = preSolution
		HideSolutionNode = FALSE
	EndGlobalSection
	GlobalSection(ExtensibilityGlobals) = postSolution
		SolutionGuid = {DFD84AE0-3450-4B7B-9FA3-73A7C15405F3}
	EndGlobalSection
EndGlobal
